
Microsoft Visual Studio Solution File, Format Version 12.00
# Visual Studio 15
Project("{FAE04EC0-301F-11D3-BF4B-00C04F79EFBC}") = "Unity.XR.Interaction.Toolkit.Samples.StarterAssets", "Unity.XR.Interaction.Toolkit.Samples.StarterAssets.csproj", "{EE65CC0D-AD18-5873-25C9-8E03C50E5D21}"
EndProject
Project("{FAE04EC0-301F-11D3-BF4B-00C04F79EFBC}") = "Assembly-CSharp", "Assembly-CSharp.csproj", "{B62231E7-14E6-3719-57B0-E75864F05904}"
EndProject
Project("{FAE04EC0-301F-11D3-BF4B-00C04F79EFBC}") = "Unity.XR.Interaction.Toolkit.Samples.StarterAssets.Editor", "Unity.XR.Interaction.Toolkit.Samples.StarterAssets.Editor.csproj", "{B38C55B9-3E24-5360-FB10-14DF59B082D8}"
EndProject
Global
	GlobalSection(SolutionConfigurationPlatforms) = preSolution
		Debug|Any CPU = Debug|Any CPU
		Release|Any CPU = Release|Any CPU
	EndGlobalSection
	GlobalSection(ProjectConfigurationPlatforms) = postSolution
		{EE65CC0D-AD18-5873-25C9-8E03C50E5D21}.Debug|Any CPU.ActiveCfg = Debug|Any CPU
		{EE65CC0D-AD18-5873-25C9-8E03C50E5D21}.Debug|Any CPU.Build.0 = Debug|Any CPU
		{EE65CC0D-AD18-5873-25C9-8E03C50E5D21}.Release|Any CPU.ActiveCfg = Release|Any CPU
		{EE65CC0D-AD18-5873-25C9-8E03C50E5D21}.Release|Any CPU.Build.0 = Release|Any CPU
		{B62231E7-14E6-3719-57B0-E75864F05904}.Debug|Any CPU.ActiveCfg = Debug|Any CPU
		{B62231E7-14E6-3719-57B0-E75864F05904}.Debug|Any CPU.Build.0 = Debug|Any CPU
		{B62231E7-14E6-3719-57B0-E75864F05904}.Release|Any CPU.ActiveCfg = Release|Any CPU
		{B62231E7-14E6-3719-57B0-E75864F05904}.Release|Any CPU.Build.0 = Release|Any CPU
		{B38C55B9-3E24-5360-FB10-14DF59B082D8}.Debug|Any CPU.ActiveCfg = Debug|Any CPU
		{B38C55B9-3E24-5360-FB10-14DF59B082D8}.Debug|Any CPU.Build.0 = Debug|Any CPU
		{B38C55B9-3E24-5360-FB10-14DF59B082D8}.Release|Any CPU.ActiveCfg = Release|Any CPU
		{B38C55B9-3E24-5360-FB10-14DF59B082D8}.Release|Any CPU.Build.0 = Release|Any CPU
	EndGlobalSection
	GlobalSection(SolutionProperties) = preSolution
		HideSolutionNode = FALSE
	EndGlobalSection
EndGlobal
